// !$*UTF8*$!
{
	archiveVersion = 1;
	classes = {
	};
	objectVersion = 51;
	objects = {

/* Begin PBXBuildFile section */
		78021D4026A453410070DEB8 /* TopAlbums.swift in Sources */ = {isa = PBXBuildFile; fileRef = 78021D3D26A453410070DEB8 /* TopAlbums.swift */; };
		78021D4126A453410070DEB8 /* Track.swift in Sources */ = {isa = PBXBuildFile; fileRef = 78021D3E26A453410070DEB8 /* Track.swift */; };
		78021D4226A453410070DEB8 /* TopArtists.swift in Sources */ = {isa = PBXBuildFile; fileRef = 78021D3F26A453410070DEB8 /* TopArtists.swift */; };
		78021D5926A4B2730070DEB8 /* CodingUserInfoKey+Extensions.swift in Sources */ = {isa = PBXBuildFile; fileRef = 78021D5826A4B2730070DEB8 /* CodingUserInfoKey+Extensions.swift */; };
		78027EE5268351E800526A0C /* DetailsSearchMusicCollectionViewCell.swift in Sources */ = {isa = PBXBuildFile; fileRef = 78027EE3268351E800526A0C /* DetailsSearchMusicCollectionViewCell.swift */; };
		78027EE6268351E800526A0C /* DetailsSearchMusicCollectionViewCell.xib in Resources */ = {isa = PBXBuildFile; fileRef = 78027EE4268351E800526A0C /* DetailsSearchMusicCollectionViewCell.xib */; };
		7809D1572682142C006F0ADD /* UIViewController+Extensions.swift in Sources */ = {isa = PBXBuildFile; fileRef = 7809D1562682142C006F0ADD /* UIViewController+Extensions.swift */; };
		780C69DD269DD43D0097DDC4 /* Database.swift in Sources */ = {isa = PBXBuildFile; fileRef = 780C69DC269DD43D0097DDC4 /* Database.swift */; };
		780C6A7226A03E6D0097DDC4 /* JSONDecoder+Extensions.swift in Sources */ = {isa = PBXBuildFile; fileRef = 780C6A7126A03E6D0097DDC4 /* JSONDecoder+Extensions.swift */; };
		780DE671267F8E3A00D34944 /* DetailsMusicViewController.swift in Sources */ = {isa = PBXBuildFile; fileRef = 780DE670267F8E3A00D34944 /* DetailsMusicViewController.swift */; };
		781899D526938B9E000A5864 /* Loading.storyboard in Resources */ = {isa = PBXBuildFile; fileRef = 781899D426938B9E000A5864 /* Loading.storyboard */; };
		781899D726938BF3000A5864 /* Login.storyboard in Resources */ = {isa = PBXBuildFile; fileRef = 781899D626938BF3000A5864 /* Login.storyboard */; };
		7828BB3626908007001CA735 /* LoginViewController.swift in Sources */ = {isa = PBXBuildFile; fileRef = 7828BB3526908007001CA735 /* LoginViewController.swift */; };
		7828BB3826908018001CA735 /* RegisterViewController.swift in Sources */ = {isa = PBXBuildFile; fileRef = 7828BB3726908018001CA735 /* RegisterViewController.swift */; };
		782E4856268A1E00005C8E4F /* PopCollectionReusableView.swift in Sources */ = {isa = PBXBuildFile; fileRef = 782E4855268A1E00005C8E4F /* PopCollectionReusableView.swift */; };
		782E4858268A1E3A005C8E4F /* ClassicalCollectionReusableView.swift in Sources */ = {isa = PBXBuildFile; fileRef = 782E4857268A1E3A005C8E4F /* ClassicalCollectionReusableView.swift */; };
		782E485C268A2A41005C8E4F /* TopAlbumsAPIDataSource.swift in Sources */ = {isa = PBXBuildFile; fileRef = 782E485B268A2A41005C8E4F /* TopAlbumsAPIDataSource.swift */; };
		782E485E268A3423005C8E4F /* TopAlbumsCollectionReusableView.swift in Sources */ = {isa = PBXBuildFile; fileRef = 782E485D268A3423005C8E4F /* TopAlbumsCollectionReusableView.swift */; };
		782E4860268A345B005C8E4F /* TopAlbumsCollectionViewCell.swift in Sources */ = {isa = PBXBuildFile; fileRef = 782E485F268A345B005C8E4F /* TopAlbumsCollectionViewCell.swift */; };
		782E4862268A4092005C8E4F /* RockCollectionReusableView.swift in Sources */ = {isa = PBXBuildFile; fileRef = 782E4861268A4092005C8E4F /* RockCollectionReusableView.swift */; };
		7834B413268E712800D1161C /* LoadingViewController.swift in Sources */ = {isa = PBXBuildFile; fileRef = 7834B412268E712800D1161C /* LoadingViewController.swift */; };
		78614DF726862A60000125C2 /* BaseCollectionViewController.swift in Sources */ = {isa = PBXBuildFile; fileRef = 78614DF626862A60000125C2 /* BaseCollectionViewController.swift */; };
		7862B8672697A2D2000E3056 /* SingleTrackAPIDataSource.swift in Sources */ = {isa = PBXBuildFile; fileRef = 7862B8662697A2D2000E3056 /* SingleTrackAPIDataSource.swift */; };
		78638A70268742D3001A756E /* GenreAPIDataSource.swift in Sources */ = {isa = PBXBuildFile; fileRef = 78638A6F268742D3001A756E /* GenreAPIDataSource.swift */; };
		7876D20C26828D2A009D0669 /* MediaPlayer.swift in Sources */ = {isa = PBXBuildFile; fileRef = 7876D20B26828D2A009D0669 /* MediaPlayer.swift */; };
		7884C89D268F8CBB00FE1FBE /* GoogleService-Info.plist in Resources */ = {isa = PBXBuildFile; fileRef = 7884C89C268F8CBB00FE1FBE /* GoogleService-Info.plist */; };
		78892CAF26888CCF00A12F41 /* HomeTracksCollectionViewCell.swift in Sources */ = {isa = PBXBuildFile; fileRef = 78892CAE26888CCF00A12F41 /* HomeTracksCollectionViewCell.swift */; };
		78892CBA2688D54300A12F41 /* TopChartCollectionReusableView.swift in Sources */ = {isa = PBXBuildFile; fileRef = 78892CB92688D54300A12F41 /* TopChartCollectionReusableView.swift */; };
		78892CBC2688ED4F00A12F41 /* HipHopCollectionReusableView.swift in Sources */ = {isa = PBXBuildFile; fileRef = 78892CBB2688ED4F00A12F41 /* HipHopCollectionReusableView.swift */; };
		78892CBE2688EEA700A12F41 /* DanceCollectionReusableView.swift in Sources */ = {isa = PBXBuildFile; fileRef = 78892CBD2688EEA700A12F41 /* DanceCollectionReusableView.swift */; };
		78892CC02688EEC800A12F41 /* JazzCollectionReusableView.swift in Sources */ = {isa = PBXBuildFile; fileRef = 78892CBF2688EEC800A12F41 /* JazzCollectionReusableView.swift */; };
		788A7578267B9E9800DFE2B0 /* AppDelegate.swift in Sources */ = {isa = PBXBuildFile; fileRef = 788A7577267B9E9800DFE2B0 /* AppDelegate.swift */; };
		788A757A267B9E9800DFE2B0 /* SceneDelegate.swift in Sources */ = {isa = PBXBuildFile; fileRef = 788A7579267B9E9800DFE2B0 /* SceneDelegate.swift */; };
		788A757F267B9E9800DFE2B0 /* Main.storyboard in Resources */ = {isa = PBXBuildFile; fileRef = 788A757D267B9E9800DFE2B0 /* Main.storyboard */; };
		788A7582267B9E9800DFE2B0 /* MusicDB.xcdatamodeld in Sources */ = {isa = PBXBuildFile; fileRef = 788A7580267B9E9800DFE2B0 /* MusicDB.xcdatamodeld */; };
		788A7584267B9E9900DFE2B0 /* Assets.xcassets in Resources */ = {isa = PBXBuildFile; fileRef = 788A7583267B9E9900DFE2B0 /* Assets.xcassets */; };
		788A7587267B9E9900DFE2B0 /* LaunchScreen.storyboard in Resources */ = {isa = PBXBuildFile; fileRef = 788A7585267B9E9900DFE2B0 /* LaunchScreen.storyboard */; };
		788A7593267BAD6B00DFE2B0 /* TabBarController.swift in Sources */ = {isa = PBXBuildFile; fileRef = 788A7592267BAD6B00DFE2B0 /* TabBarController.swift */; };
		788A7597267BB2C200DFE2B0 /* HomeMusicCollectionViewController.swift in Sources */ = {isa = PBXBuildFile; fileRef = 788A7596267BB2C200DFE2B0 /* HomeMusicCollectionViewController.swift */; };
		788A75A1267CBCD100DFE2B0 /* TrackAPIDataSource.swift in Sources */ = {isa = PBXBuildFile; fileRef = 788A75A0267CBCD100DFE2B0 /* TrackAPIDataSource.swift */; };
		788A75AA267DED1200DFE2B0 /* SearchMusicViewController.swift in Sources */ = {isa = PBXBuildFile; fileRef = 788A75A9267DED1200DFE2B0 /* SearchMusicViewController.swift */; };
		78AD8C23268D0A74004BF30C /* ConnectionManager.swift in Sources */ = {isa = PBXBuildFile; fileRef = 78AD8C22268D0A74004BF30C /* ConnectionManager.swift */; };
		78BACE5B26923EF500D75B97 /* UITextField+Extensions.swift in Sources */ = {isa = PBXBuildFile; fileRef = 78BACE5A26923EF500D75B97 /* UITextField+Extensions.swift */; };
		78BACE5D26923F1B00D75B97 /* String+Extensions.swift in Sources */ = {isa = PBXBuildFile; fileRef = 78BACE5C26923F1B00D75B97 /* String+Extensions.swift */; };
		78BED23A2699F9B000058859 /* LikedMusicViewController.swift in Sources */ = {isa = PBXBuildFile; fileRef = 78BED2392699F9B000058859 /* LikedMusicViewController.swift */; };
		78C5180326A4ED6E00D9378B /* UICollectionReusableView+Extensions.swift in Sources */ = {isa = PBXBuildFile; fileRef = 78C5180226A4ED6E00D9378B /* UICollectionReusableView+Extensions.swift */; };
		78C5180626A4F5F200D9378B /* GenreMusicViewController.swift in Sources */ = {isa = PBXBuildFile; fileRef = 78C5180526A4F5F200D9378B /* GenreMusicViewController.swift */; };
		78C5180826A57BF400D9378B /* BaseTableViewController.swift in Sources */ = {isa = PBXBuildFile; fileRef = 78C5180726A57BF400D9378B /* BaseTableViewController.swift */; };
		78C5180B26A585C000D9378B /* LikedGenreTableViewCell.swift in Sources */ = {isa = PBXBuildFile; fileRef = 78C5180926A585C000D9378B /* LikedGenreTableViewCell.swift */; };
		78C5180C26A585C000D9378B /* LikedGenreTableViewCell.xib in Resources */ = {isa = PBXBuildFile; fileRef = 78C5180A26A585C000D9378B /* LikedGenreTableViewCell.xib */; };
		78C5180E26A5993300D9378B /* UIImageView+Extensions.swift in Sources */ = {isa = PBXBuildFile; fileRef = 78C5180D26A5993300D9378B /* UIImageView+Extensions.swift */; };
		78CB8FEC268924AC00E90CE4 /* TopArtistsCollectionReusableView.swift in Sources */ = {isa = PBXBuildFile; fileRef = 78CB8FEB268924AC00E90CE4 /* TopArtistsCollectionReusableView.swift */; };
		78CB8FEE2689280000E90CE4 /* TopArtistsCollectionViewCell.swift in Sources */ = {isa = PBXBuildFile; fileRef = 78CB8FED2689280000E90CE4 /* TopArtistsCollectionViewCell.swift */; };
		78CB8FF226892F8700E90CE4 /* TopArtistsAPIDataSource.swift in Sources */ = {isa = PBXBuildFile; fileRef = 78CB8FF126892F8700E90CE4 /* TopArtistsAPIDataSource.swift */; };
		8ED2CE98960D7F2A8C808AF5 /* Pods_MusicDB.framework in Frameworks */ = {isa = PBXBuildFile; fileRef = 9C4311E65E99F27D50977DCE /* Pods_MusicDB.framework */; };
/* End PBXBuildFile section */

/* Begin PBXFileReference section */
		19F7095CD6768CCD409C8DFD /* Pods-MusicDB.release.xcconfig */ = {isa = PBXFileReference; includeInIndex = 1; lastKnownFileType = text.xcconfig; name = "Pods-MusicDB.release.xcconfig"; path = "Target Support Files/Pods-MusicDB/Pods-MusicDB.release.xcconfig"; sourceTree = "<group>"; };
		59EF270114FAAA2DD10857B8 /* Pods-MusicDB.debug.xcconfig */ = {isa = PBXFileReference; includeInIndex = 1; lastKnownFileType = text.xcconfig; name = "Pods-MusicDB.debug.xcconfig"; path = "Target Support Files/Pods-MusicDB/Pods-MusicDB.debug.xcconfig"; sourceTree = "<group>"; };
		78021D3D26A453410070DEB8 /* TopAlbums.swift */ = {isa = PBXFileReference; fileEncoding = 4; lastKnownFileType = sourcecode.swift; path = TopAlbums.swift; sourceTree = "<group>"; };
		78021D3E26A453410070DEB8 /* Track.swift */ = {isa = PBXFileReference; fileEncoding = 4; lastKnownFileType = sourcecode.swift; path = Track.swift; sourceTree = "<group>"; };
		78021D3F26A453410070DEB8 /* TopArtists.swift */ = {isa = PBXFileReference; fileEncoding = 4; lastKnownFileType = sourcecode.swift; path = TopArtists.swift; sourceTree = "<group>"; };
		78021D5826A4B2730070DEB8 /* CodingUserInfoKey+Extensions.swift */ = {isa = PBXFileReference; fileEncoding = 4; lastKnownFileType = sourcecode.swift; path = "CodingUserInfoKey+Extensions.swift"; sourceTree = "<group>"; };
		78027EE3268351E800526A0C /* DetailsSearchMusicCollectionViewCell.swift */ = {isa = PBXFileReference; lastKnownFileType = sourcecode.swift; path = DetailsSearchMusicCollectionViewCell.swift; sourceTree = "<group>"; };
		78027EE4268351E800526A0C /* DetailsSearchMusicCollectionViewCell.xib */ = {isa = PBXFileReference; lastKnownFileType = file.xib; path = DetailsSearchMusicCollectionViewCell.xib; sourceTree = "<group>"; };
		7809D1562682142C006F0ADD /* UIViewController+Extensions.swift */ = {isa = PBXFileReference; lastKnownFileType = sourcecode.swift; path = "UIViewController+Extensions.swift"; sourceTree = "<group>"; };
		780C69DC269DD43D0097DDC4 /* Database.swift */ = {isa = PBXFileReference; lastKnownFileType = sourcecode.swift; path = Database.swift; sourceTree = "<group>"; };
		780C6A7126A03E6D0097DDC4 /* JSONDecoder+Extensions.swift */ = {isa = PBXFileReference; lastKnownFileType = sourcecode.swift; path = "JSONDecoder+Extensions.swift"; sourceTree = "<group>"; };
		780DE670267F8E3A00D34944 /* DetailsMusicViewController.swift */ = {isa = PBXFileReference; lastKnownFileType = sourcecode.swift; path = DetailsMusicViewController.swift; sourceTree = "<group>"; };
		781899D426938B9E000A5864 /* Loading.storyboard */ = {isa = PBXFileReference; lastKnownFileType = file.storyboard; path = Loading.storyboard; sourceTree = "<group>"; };
		781899D626938BF3000A5864 /* Login.storyboard */ = {isa = PBXFileReference; lastKnownFileType = file.storyboard; path = Login.storyboard; sourceTree = "<group>"; };
		7828BB3526908007001CA735 /* LoginViewController.swift */ = {isa = PBXFileReference; lastKnownFileType = sourcecode.swift; path = LoginViewController.swift; sourceTree = "<group>"; };
		7828BB3726908018001CA735 /* RegisterViewController.swift */ = {isa = PBXFileReference; lastKnownFileType = sourcecode.swift; path = RegisterViewController.swift; sourceTree = "<group>"; };
		782E4855268A1E00005C8E4F /* PopCollectionReusableView.swift */ = {isa = PBXFileReference; lastKnownFileType = sourcecode.swift; path = PopCollectionReusableView.swift; sourceTree = "<group>"; };
		782E4857268A1E3A005C8E4F /* ClassicalCollectionReusableView.swift */ = {isa = PBXFileReference; lastKnownFileType = sourcecode.swift; path = ClassicalCollectionReusableView.swift; sourceTree = "<group>"; };
		782E485B268A2A41005C8E4F /* TopAlbumsAPIDataSource.swift */ = {isa = PBXFileReference; lastKnownFileType = sourcecode.swift; path = TopAlbumsAPIDataSource.swift; sourceTree = "<group>"; };
		782E485D268A3423005C8E4F /* TopAlbumsCollectionReusableView.swift */ = {isa = PBXFileReference; lastKnownFileType = sourcecode.swift; path = TopAlbumsCollectionReusableView.swift; sourceTree = "<group>"; };
		782E485F268A345B005C8E4F /* TopAlbumsCollectionViewCell.swift */ = {isa = PBXFileReference; lastKnownFileType = sourcecode.swift; path = TopAlbumsCollectionViewCell.swift; sourceTree = "<group>"; };
		782E4861268A4092005C8E4F /* RockCollectionReusableView.swift */ = {isa = PBXFileReference; lastKnownFileType = sourcecode.swift; path = RockCollectionReusableView.swift; sourceTree = "<group>"; };
		7834B412268E712800D1161C /* LoadingViewController.swift */ = {isa = PBXFileReference; lastKnownFileType = sourcecode.swift; path = LoadingViewController.swift; sourceTree = "<group>"; };
		78614DF626862A60000125C2 /* BaseCollectionViewController.swift */ = {isa = PBXFileReference; lastKnownFileType = sourcecode.swift; path = BaseCollectionViewController.swift; sourceTree = "<group>"; };
		7862B8662697A2D2000E3056 /* SingleTrackAPIDataSource.swift */ = {isa = PBXFileReference; lastKnownFileType = sourcecode.swift; path = SingleTrackAPIDataSource.swift; sourceTree = "<group>"; };
		78638A6F268742D3001A756E /* GenreAPIDataSource.swift */ = {isa = PBXFileReference; lastKnownFileType = sourcecode.swift; path = GenreAPIDataSource.swift; sourceTree = "<group>"; };
		7876D20B26828D2A009D0669 /* MediaPlayer.swift */ = {isa = PBXFileReference; lastKnownFileType = sourcecode.swift; path = MediaPlayer.swift; sourceTree = "<group>"; };
		7884C89C268F8CBB00FE1FBE /* GoogleService-Info.plist */ = {isa = PBXFileReference; fileEncoding = 4; lastKnownFileType = text.plist.xml; path = "GoogleService-Info.plist"; sourceTree = "<group>"; };
		78892CAE26888CCF00A12F41 /* HomeTracksCollectionViewCell.swift */ = {isa = PBXFileReference; lastKnownFileType = sourcecode.swift; path = HomeTracksCollectionViewCell.swift; sourceTree = "<group>"; };
		78892CB92688D54300A12F41 /* TopChartCollectionReusableView.swift */ = {isa = PBXFileReference; lastKnownFileType = sourcecode.swift; path = TopChartCollectionReusableView.swift; sourceTree = "<group>"; };
		78892CBB2688ED4F00A12F41 /* HipHopCollectionReusableView.swift */ = {isa = PBXFileReference; lastKnownFileType = sourcecode.swift; path = HipHopCollectionReusableView.swift; sourceTree = "<group>"; };
		78892CBD2688EEA700A12F41 /* DanceCollectionReusableView.swift */ = {isa = PBXFileReference; lastKnownFileType = sourcecode.swift; path = DanceCollectionReusableView.swift; sourceTree = "<group>"; };
		78892CBF2688EEC800A12F41 /* JazzCollectionReusableView.swift */ = {isa = PBXFileReference; lastKnownFileType = sourcecode.swift; path = JazzCollectionReusableView.swift; sourceTree = "<group>"; };
		788A7574267B9E9800DFE2B0 /* MusicDB.app */ = {isa = PBXFileReference; explicitFileType = wrapper.application; includeInIndex = 0; path = MusicDB.app; sourceTree = BUILT_PRODUCTS_DIR; };
		788A7577267B9E9800DFE2B0 /* AppDelegate.swift */ = {isa = PBXFileReference; lastKnownFileType = sourcecode.swift; path = AppDelegate.swift; sourceTree = "<group>"; };
		788A7579267B9E9800DFE2B0 /* SceneDelegate.swift */ = {isa = PBXFileReference; lastKnownFileType = sourcecode.swift; path = SceneDelegate.swift; sourceTree = "<group>"; };
		788A757E267B9E9800DFE2B0 /* Base */ = {isa = PBXFileReference; lastKnownFileType = file.storyboard; name = Base; path = Base.lproj/Main.storyboard; sourceTree = "<group>"; };
		788A7581267B9E9800DFE2B0 /* MusicDB.xcdatamodel */ = {isa = PBXFileReference; lastKnownFileType = wrapper.xcdatamodel; path = MusicDB.xcdatamodel; sourceTree = "<group>"; };
		788A7583267B9E9900DFE2B0 /* Assets.xcassets */ = {isa = PBXFileReference; lastKnownFileType = folder.assetcatalog; path = Assets.xcassets; sourceTree = "<group>"; };
		788A7586267B9E9900DFE2B0 /* Base */ = {isa = PBXFileReference; lastKnownFileType = file.storyboard; name = Base; path = Base.lproj/LaunchScreen.storyboard; sourceTree = "<group>"; };
		788A7588267B9E9900DFE2B0 /* Info.plist */ = {isa = PBXFileReference; lastKnownFileType = text.plist.xml; path = Info.plist; sourceTree = "<group>"; };
		788A7592267BAD6B00DFE2B0 /* TabBarController.swift */ = {isa = PBXFileReference; lastKnownFileType = sourcecode.swift; path = TabBarController.swift; sourceTree = "<group>"; };
		788A7596267BB2C200DFE2B0 /* HomeMusicCollectionViewController.swift */ = {isa = PBXFileReference; lastKnownFileType = sourcecode.swift; path = HomeMusicCollectionViewController.swift; sourceTree = "<group>"; };
		788A75A0267CBCD100DFE2B0 /* TrackAPIDataSource.swift */ = {isa = PBXFileReference; lastKnownFileType = sourcecode.swift; path = TrackAPIDataSource.swift; sourceTree = "<group>"; };
		788A75A9267DED1200DFE2B0 /* SearchMusicViewController.swift */ = {isa = PBXFileReference; lastKnownFileType = sourcecode.swift; path = SearchMusicViewController.swift; sourceTree = "<group>"; };
		78AD8C22268D0A74004BF30C /* ConnectionManager.swift */ = {isa = PBXFileReference; lastKnownFileType = sourcecode.swift; path = ConnectionManager.swift; sourceTree = "<group>"; };
		78BACE5A26923EF500D75B97 /* UITextField+Extensions.swift */ = {isa = PBXFileReference; lastKnownFileType = sourcecode.swift; path = "UITextField+Extensions.swift"; sourceTree = "<group>"; };
		78BACE5C26923F1B00D75B97 /* String+Extensions.swift */ = {isa = PBXFileReference; lastKnownFileType = sourcecode.swift; path = "String+Extensions.swift"; sourceTree = "<group>"; };
		78BED2392699F9B000058859 /* LikedMusicViewController.swift */ = {isa = PBXFileReference; lastKnownFileType = sourcecode.swift; path = LikedMusicViewController.swift; sourceTree = "<group>"; };
		78C5180226A4ED6E00D9378B /* UICollectionReusableView+Extensions.swift */ = {isa = PBXFileReference; lastKnownFileType = sourcecode.swift; path = "UICollectionReusableView+Extensions.swift"; sourceTree = "<group>"; };
		78C5180526A4F5F200D9378B /* GenreMusicViewController.swift */ = {isa = PBXFileReference; lastKnownFileType = sourcecode.swift; path = GenreMusicViewController.swift; sourceTree = "<group>"; };
		78C5180726A57BF400D9378B /* BaseTableViewController.swift */ = {isa = PBXFileReference; lastKnownFileType = sourcecode.swift; path = BaseTableViewController.swift; sourceTree = "<group>"; };
		78C5180926A585C000D9378B /* LikedGenreTableViewCell.swift */ = {isa = PBXFileReference; lastKnownFileType = sourcecode.swift; path = LikedGenreTableViewCell.swift; sourceTree = "<group>"; };
		78C5180A26A585C000D9378B /* LikedGenreTableViewCell.xib */ = {isa = PBXFileReference; lastKnownFileType = file.xib; path = LikedGenreTableViewCell.xib; sourceTree = "<group>"; };
		78C5180D26A5993300D9378B /* UIImageView+Extensions.swift */ = {isa = PBXFileReference; lastKnownFileType = sourcecode.swift; path = "UIImageView+Extensions.swift"; sourceTree = "<group>"; };
		78CB8FEB268924AC00E90CE4 /* TopArtistsCollectionReusableView.swift */ = {isa = PBXFileReference; lastKnownFileType = sourcecode.swift; path = TopArtistsCollectionReusableView.swift; sourceTree = "<group>"; };
		78CB8FED2689280000E90CE4 /* TopArtistsCollectionViewCell.swift */ = {isa = PBXFileReference; lastKnownFileType = sourcecode.swift; path = TopArtistsCollectionViewCell.swift; sourceTree = "<group>"; };
		78CB8FF126892F8700E90CE4 /* TopArtistsAPIDataSource.swift */ = {isa = PBXFileReference; lastKnownFileType = sourcecode.swift; path = TopArtistsAPIDataSource.swift; sourceTree = "<group>"; };
		9C4311E65E99F27D50977DCE /* Pods_MusicDB.framework */ = {isa = PBXFileReference; explicitFileType = wrapper.framework; includeInIndex = 0; path = Pods_MusicDB.framework; sourceTree = BUILT_PRODUCTS_DIR; };
/* End PBXFileReference section */

/* Begin PBXFrameworksBuildPhase section */
		788A7571267B9E9800DFE2B0 /* Frameworks */ = {
			isa = PBXFrameworksBuildPhase;
			buildActionMask = 2147483647;
			files = (
				8ED2CE98960D7F2A8C808AF5 /* Pods_MusicDB.framework in Frameworks */,
			);
			runOnlyForDeploymentPostprocessing = 0;
		};
/* End PBXFrameworksBuildPhase section */

/* Begin PBXGroup section */
		4F1EC3568B49E33C39F1CC98 /* Frameworks */ = {
			isa = PBXGroup;
			children = (
				9C4311E65E99F27D50977DCE /* Pods_MusicDB.framework */,
			);
			name = Frameworks;
			sourceTree = "<group>";
		};
		78021D4326A453510070DEB8 /* structs */ = {
			isa = PBXGroup;
			children = (
				78021D3F26A453410070DEB8 /* TopArtists.swift */,
				78021D3D26A453410070DEB8 /* TopAlbums.swift */,
				78021D3E26A453410070DEB8 /* Track.swift */,
			);
			path = structs;
			sourceTree = "<group>";
		};
		78027EDE2683431300526A0C /* shared */ = {
			isa = PBXGroup;
			children = (
				78027EE3268351E800526A0C /* DetailsSearchMusicCollectionViewCell.swift */,
				78027EE4268351E800526A0C /* DetailsSearchMusicCollectionViewCell.xib */,
				78C5180926A585C000D9378B /* LikedGenreTableViewCell.swift */,
				78C5180A26A585C000D9378B /* LikedGenreTableViewCell.xib */,
			);
			path = shared;
			sourceTree = "<group>";
		};
		780C69DB269DD4250097DDC4 /* Database */ = {
			isa = PBXGroup;
			children = (
				780C69DC269DD43D0097DDC4 /* Database.swift */,
			);
			path = Database;
			sourceTree = "<group>";
		};
		780DE66F267F8E1600D34944 /* details */ = {
			isa = PBXGroup;
			children = (
				780DE670267F8E3A00D34944 /* DetailsMusicViewController.swift */,
			);
			path = details;
			sourceTree = "<group>";
		};
		781899CE2693884F000A5864 /* StoryBoards */ = {
			isa = PBXGroup;
			children = (
				781899D426938B9E000A5864 /* Loading.storyboard */,
				781899D626938BF3000A5864 /* Login.storyboard */,
				788A757D267B9E9800DFE2B0 /* Main.storyboard */,
			);
			path = StoryBoards;
			sourceTree = "<group>";
		};
		7828BB3326907FF1001CA735 /* login */ = {
			isa = PBXGroup;
			children = (
				7828BB3526908007001CA735 /* LoginViewController.swift */,
			);
			path = login;
			sourceTree = "<group>";
		};
		7828BB3426907FF7001CA735 /* register */ = {
			isa = PBXGroup;
			children = (
				7828BB3726908018001CA735 /* RegisterViewController.swift */,
			);
			path = register;
			sourceTree = "<group>";
		};
		78892CAD26888C5E00A12F41 /* home */ = {
			isa = PBXGroup;
			children = (
				78892CB82688CD4D00A12F41 /* header */,
				78892CB52688CD2500A12F41 /* cell */,
			);
			path = home;
			sourceTree = "<group>";
		};
		78892CB42688C2E100A12F41 /* datasource */ = {
			isa = PBXGroup;
			children = (
				788A75A0267CBCD100DFE2B0 /* TrackAPIDataSource.swift */,
				78638A6F268742D3001A756E /* GenreAPIDataSource.swift */,
				78CB8FF126892F8700E90CE4 /* TopArtistsAPIDataSource.swift */,
				782E485B268A2A41005C8E4F /* TopAlbumsAPIDataSource.swift */,
				7862B8662697A2D2000E3056 /* SingleTrackAPIDataSource.swift */,
			);
			path = datasource;
			sourceTree = "<group>";
		};
		78892CB52688CD2500A12F41 /* cell */ = {
			isa = PBXGroup;
			children = (
				78892CAE26888CCF00A12F41 /* HomeTracksCollectionViewCell.swift */,
				78CB8FED2689280000E90CE4 /* TopArtistsCollectionViewCell.swift */,
				782E485F268A345B005C8E4F /* TopAlbumsCollectionViewCell.swift */,
			);
			path = cell;
			sourceTree = "<group>";
		};
		78892CB82688CD4D00A12F41 /* header */ = {
			isa = PBXGroup;
			children = (
				78892CB92688D54300A12F41 /* TopChartCollectionReusableView.swift */,
				78892CBB2688ED4F00A12F41 /* HipHopCollectionReusableView.swift */,
				78892CBD2688EEA700A12F41 /* DanceCollectionReusableView.swift */,
				78892CBF2688EEC800A12F41 /* JazzCollectionReusableView.swift */,
				78CB8FEB268924AC00E90CE4 /* TopArtistsCollectionReusableView.swift */,
				782E4855268A1E00005C8E4F /* PopCollectionReusableView.swift */,
				782E4857268A1E3A005C8E4F /* ClassicalCollectionReusableView.swift */,
				782E485D268A3423005C8E4F /* TopAlbumsCollectionReusableView.swift */,
				782E4861268A4092005C8E4F /* RockCollectionReusableView.swift */,
			);
			path = header;
			sourceTree = "<group>";
		};
		788A756B267B9E9800DFE2B0 = {
			isa = PBXGroup;
			children = (
				788A7576267B9E9800DFE2B0 /* MusicDB */,
				788A7575267B9E9800DFE2B0 /* Products */,
				F92BD59442FCC4C9BFE16A53 /* Pods */,
				4F1EC3568B49E33C39F1CC98 /* Frameworks */,
			);
			sourceTree = "<group>";
		};
		788A7575267B9E9800DFE2B0 /* Products */ = {
			isa = PBXGroup;
			children = (
				788A7574267B9E9800DFE2B0 /* MusicDB.app */,
			);
			name = Products;
			sourceTree = "<group>";
		};
		788A7576267B9E9800DFE2B0 /* MusicDB */ = {
			isa = PBXGroup;
			children = (
				780C69DB269DD4250097DDC4 /* Database */,
				781899CE2693884F000A5864 /* StoryBoards */,
				78EA417E267F504B009828DD /* Extensions */,
				788A7590267B9F3400DFE2B0 /* Models */,
				788A758F267B9F2B00DFE2B0 /* Controllers */,
				788A758E267B9F2400DFE2B0 /* Views */,
				788A7577267B9E9800DFE2B0 /* AppDelegate.swift */,
				788A7579267B9E9800DFE2B0 /* SceneDelegate.swift */,
				788A7583267B9E9900DFE2B0 /* Assets.xcassets */,
				788A7585267B9E9900DFE2B0 /* LaunchScreen.storyboard */,
				788A7588267B9E9900DFE2B0 /* Info.plist */,
				7884C89C268F8CBB00FE1FBE /* GoogleService-Info.plist */,
				788A7580267B9E9800DFE2B0 /* MusicDB.xcdatamodeld */,
			);
			path = MusicDB;
			sourceTree = "<group>";
		};
		788A758E267B9F2400DFE2B0 /* Views */ = {
			isa = PBXGroup;
			children = (
				78892CAD26888C5E00A12F41 /* home */,
				78027EDE2683431300526A0C /* shared */,
			);
			path = Views;
			sourceTree = "<group>";
		};
		788A758F267B9F2B00DFE2B0 /* Controllers */ = {
			isa = PBXGroup;
			children = (
				78C5180426A4F5C300D9378B /* genre */,
				78C1F0ED2694548C0005384F /* liked */,
				7828BB3426907FF7001CA735 /* register */,
				7828BB3326907FF1001CA735 /* login */,
				78B0047A268E6E5100963AAD /* loading */,
				780DE66F267F8E1600D34944 /* details */,
				788A7595267BADE100DFE2B0 /* search */,
				788A7594267BADDC00DFE2B0 /* home */,
				788A7592267BAD6B00DFE2B0 /* TabBarController.swift */,
				78614DF626862A60000125C2 /* BaseCollectionViewController.swift */,
				78C5180726A57BF400D9378B /* BaseTableViewController.swift */,
			);
			path = Controllers;
			sourceTree = "<group>";
		};
		788A7590267B9F3400DFE2B0 /* Models */ = {
			isa = PBXGroup;
			children = (
				78021D4326A453510070DEB8 /* structs */,
				78892CB42688C2E100A12F41 /* datasource */,
				7876D20B26828D2A009D0669 /* MediaPlayer.swift */,
				78AD8C22268D0A74004BF30C /* ConnectionManager.swift */,
			);
			path = Models;
			sourceTree = "<group>";
		};
		788A7594267BADDC00DFE2B0 /* home */ = {
			isa = PBXGroup;
			children = (
				788A7596267BB2C200DFE2B0 /* HomeMusicCollectionViewController.swift */,
			);
			path = home;
			sourceTree = "<group>";
		};
		788A7595267BADE100DFE2B0 /* search */ = {
			isa = PBXGroup;
			children = (
				788A75A9267DED1200DFE2B0 /* SearchMusicViewController.swift */,
			);
			path = search;
			sourceTree = "<group>";
		};
		78B0047A268E6E5100963AAD /* loading */ = {
			isa = PBXGroup;
			children = (
				7834B412268E712800D1161C /* LoadingViewController.swift */,
			);
			path = loading;
			sourceTree = "<group>";
		};
		78C1F0ED2694548C0005384F /* liked */ = {
			isa = PBXGroup;
			children = (
				78BED2392699F9B000058859 /* LikedMusicViewController.swift */,
			);
			path = liked;
			sourceTree = "<group>";
		};
		78C5180426A4F5C300D9378B /* genre */ = {
			isa = PBXGroup;
			children = (
				78C5180526A4F5F200D9378B /* GenreMusicViewController.swift */,
			);
			path = genre;
			sourceTree = "<group>";
		};
		78EA417E267F504B009828DD /* Extensions */ = {
			isa = PBXGroup;
			children = (
				7809D1562682142C006F0ADD /* UIViewController+Extensions.swift */,
				78BACE5A26923EF500D75B97 /* UITextField+Extensions.swift */,
				78BACE5C26923F1B00D75B97 /* String+Extensions.swift */,
				78021D5826A4B2730070DEB8 /* CodingUserInfoKey+Extensions.swift */,
				780C6A7126A03E6D0097DDC4 /* JSONDecoder+Extensions.swift */,
				78C5180226A4ED6E00D9378B /* UICollectionReusableView+Extensions.swift */,
				78C5180D26A5993300D9378B /* UIImageView+Extensions.swift */,
			);
			path = Extensions;
			sourceTree = "<group>";
		};
		F92BD59442FCC4C9BFE16A53 /* Pods */ = {
			isa = PBXGroup;
			children = (
				59EF270114FAAA2DD10857B8 /* Pods-MusicDB.debug.xcconfig */,
				19F7095CD6768CCD409C8DFD /* Pods-MusicDB.release.xcconfig */,
			);
			path = Pods;
			sourceTree = "<group>";
		};
/* End PBXGroup section */

/* Begin PBXNativeTarget section */
		788A7573267B9E9800DFE2B0 /* MusicDB */ = {
			isa = PBXNativeTarget;
			buildConfigurationList = 788A758B267B9E9900DFE2B0 /* Build configuration list for PBXNativeTarget "MusicDB" */;
			buildPhases = (
				D328F95741E573B1A3BBE275 /* [CP] Check Pods Manifest.lock */,
				788A7570267B9E9800DFE2B0 /* Sources */,
				788A7571267B9E9800DFE2B0 /* Frameworks */,
				788A7572267B9E9800DFE2B0 /* Resources */,
				74DED945A25984EC7E7C5819 /* [CP] Embed Pods Frameworks */,
			);
			buildRules = (
			);
			dependencies = (
			);
			name = MusicDB;
			productName = MusicDB;
			productReference = 788A7574267B9E9800DFE2B0 /* MusicDB.app */;
			productType = "com.apple.product-type.application";
		};
/* End PBXNativeTarget section */

/* Begin PBXProject section */
		788A756C267B9E9800DFE2B0 /* Project object */ = {
			isa = PBXProject;
			attributes = {
				LastSwiftUpdateCheck = 1250;
				LastUpgradeCheck = 1250;
				TargetAttributes = {
					788A7573267B9E9800DFE2B0 = {
						CreatedOnToolsVersion = 12.5;
					};
				};
			};
			buildConfigurationList = 788A756F267B9E9800DFE2B0 /* Build configuration list for PBXProject "MusicDB" */;
			compatibilityVersion = "Xcode 9.3";
			developmentRegion = en;
			hasScannedForEncodings = 0;
			knownRegions = (
				en,
				Base,
			);
			mainGroup = 788A756B267B9E9800DFE2B0;
			productRefGroup = 788A7575267B9E9800DFE2B0 /* Products */;
			projectDirPath = "";
			projectRoot = "";
			targets = (
				788A7573267B9E9800DFE2B0 /* MusicDB */,
			);
		};
/* End PBXProject section */

/* Begin PBXResourcesBuildPhase section */
		788A7572267B9E9800DFE2B0 /* Resources */ = {
			isa = PBXResourcesBuildPhase;
			buildActionMask = 2147483647;
			files = (
				788A7587267B9E9900DFE2B0 /* LaunchScreen.storyboard in Resources */,
				78C5180C26A585C000D9378B /* LikedGenreTableViewCell.xib in Resources */,
				78027EE6268351E800526A0C /* DetailsSearchMusicCollectionViewCell.xib in Resources */,
				781899D726938BF3000A5864 /* Login.storyboard in Resources */,
				7884C89D268F8CBB00FE1FBE /* GoogleService-Info.plist in Resources */,
				781899D526938B9E000A5864 /* Loading.storyboard in Resources */,
				788A7584267B9E9900DFE2B0 /* Assets.xcassets in Resources */,
				788A757F267B9E9800DFE2B0 /* Main.storyboard in Resources */,
			);
			runOnlyForDeploymentPostprocessing = 0;
		};
/* End PBXResourcesBuildPhase section */

/* Begin PBXShellScriptBuildPhase section */
		74DED945A25984EC7E7C5819 /* [CP] Embed Pods Frameworks */ = {
			isa = PBXShellScriptBuildPhase;
			buildActionMask = 2147483647;
			files = (
			);
			inputFileListPaths = (
				"${PODS_ROOT}/Target Support Files/Pods-MusicDB/Pods-MusicDB-frameworks-${CONFIGURATION}-input-files.xcfilelist",
			);
			name = "[CP] Embed Pods Frameworks";
			outputFileListPaths = (
				"${PODS_ROOT}/Target Support Files/Pods-MusicDB/Pods-MusicDB-frameworks-${CONFIGURATION}-output-files.xcfilelist",
			);
			runOnlyForDeploymentPostprocessing = 0;
			shellPath = /bin/sh;
			shellScript = "\"${PODS_ROOT}/Target Support Files/Pods-MusicDB/Pods-MusicDB-frameworks.sh\"\n";
			showEnvVarsInLog = 0;
		};
		D328F95741E573B1A3BBE275 /* [CP] Check Pods Manifest.lock */ = {
			isa = PBXShellScriptBuildPhase;
			buildActionMask = 2147483647;
			files = (
			);
			inputFileListPaths = (
			);
			inputPaths = (
				"${PODS_PODFILE_DIR_PATH}/Podfile.lock",
				"${PODS_ROOT}/Manifest.lock",
			);
			name = "[CP] Check Pods Manifest.lock";
			outputFileListPaths = (
			);
			outputPaths = (
				"$(DERIVED_FILE_DIR)/Pods-MusicDB-checkManifestLockResult.txt",
			);
			runOnlyForDeploymentPostprocessing = 0;
			shellPath = /bin/sh;
			shellScript = "diff \"${PODS_PODFILE_DIR_PATH}/Podfile.lock\" \"${PODS_ROOT}/Manifest.lock\" > /dev/null\nif [ $? != 0 ] ; then\n    # print error to STDERR\n    echo \"error: The sandbox is not in sync with the Podfile.lock. Run 'pod install' or update your CocoaPods installation.\" >&2\n    exit 1\nfi\n# This output is used by Xcode 'outputs' to avoid re-running this script phase.\necho \"SUCCESS\" > \"${SCRIPT_OUTPUT_FILE_0}\"\n";
			showEnvVarsInLog = 0;
		};
/* End PBXShellScriptBuildPhase section */

/* Begin PBXSourcesBuildPhase section */
		788A7570267B9E9800DFE2B0 /* Sources */ = {
			isa = PBXSourcesBuildPhase;
			buildActionMask = 2147483647;
			files = (
				780DE671267F8E3A00D34944 /* DetailsMusicViewController.swift in Sources */,
				788A7578267B9E9800DFE2B0 /* AppDelegate.swift in Sources */,
				78BED23A2699F9B000058859 /* LikedMusicViewController.swift in Sources */,
				788A757A267B9E9800DFE2B0 /* SceneDelegate.swift in Sources */,
				78C5180B26A585C000D9378B /* LikedGenreTableViewCell.swift in Sources */,
				78892CBC2688ED4F00A12F41 /* HipHopCollectionReusableView.swift in Sources */,
				78021D4226A453410070DEB8 /* TopArtists.swift in Sources */,
				78892CBA2688D54300A12F41 /* TopChartCollectionReusableView.swift in Sources */,
				78892CAF26888CCF00A12F41 /* HomeTracksCollectionViewCell.swift in Sources */,
				788A75AA267DED1200DFE2B0 /* SearchMusicViewController.swift in Sources */,
				782E4860268A345B005C8E4F /* TopAlbumsCollectionViewCell.swift in Sources */,
				7834B413268E712800D1161C /* LoadingViewController.swift in Sources */,
				78614DF726862A60000125C2 /* BaseCollectionViewController.swift in Sources */,
				782E4858268A1E3A005C8E4F /* ClassicalCollectionReusableView.swift in Sources */,
				78CB8FEC268924AC00E90CE4 /* TopArtistsCollectionReusableView.swift in Sources */,
				78BACE5D26923F1B00D75B97 /* String+Extensions.swift in Sources */,
				788A7593267BAD6B00DFE2B0 /* TabBarController.swift in Sources */,
				7876D20C26828D2A009D0669 /* MediaPlayer.swift in Sources */,
				78892CC02688EEC800A12F41 /* JazzCollectionReusableView.swift in Sources */,
				78021D4026A453410070DEB8 /* TopAlbums.swift in Sources */,
				78021D4126A453410070DEB8 /* Track.swift in Sources */,
				7828BB3826908018001CA735 /* RegisterViewController.swift in Sources */,
				78CB8FEE2689280000E90CE4 /* TopArtistsCollectionViewCell.swift in Sources */,
				780C6A7226A03E6D0097DDC4 /* JSONDecoder+Extensions.swift in Sources */,
				7862B8672697A2D2000E3056 /* SingleTrackAPIDataSource.swift in Sources */,
				78892CBE2688EEA700A12F41 /* DanceCollectionReusableView.swift in Sources */,
				78CB8FF226892F8700E90CE4 /* TopArtistsAPIDataSource.swift in Sources */,
				78C5180826A57BF400D9378B /* BaseTableViewController.swift in Sources */,
				78AD8C23268D0A74004BF30C /* ConnectionManager.swift in Sources */,
				78021D5926A4B2730070DEB8 /* CodingUserInfoKey+Extensions.swift in Sources */,
				78638A70268742D3001A756E /* GenreAPIDataSource.swift in Sources */,
				7809D1572682142C006F0ADD /* UIViewController+Extensions.swift in Sources */,
				788A7582267B9E9800DFE2B0 /* MusicDB.xcdatamodeld in Sources */,
				782E4856268A1E00005C8E4F /* PopCollectionReusableView.swift in Sources */,
				782E4862268A4092005C8E4F /* RockCollectionReusableView.swift in Sources */,
				78C5180E26A5993300D9378B /* UIImageView+Extensions.swift in Sources */,
				78027EE5268351E800526A0C /* DetailsSearchMusicCollectionViewCell.swift in Sources */,
				788A75A1267CBCD100DFE2B0 /* TrackAPIDataSource.swift in Sources */,
				782E485C268A2A41005C8E4F /* TopAlbumsAPIDataSource.swift in Sources */,
				7828BB3626908007001CA735 /* LoginViewController.swift in Sources */,
				78C5180626A4F5F200D9378B /* GenreMusicViewController.swift in Sources */,
				782E485E268A3423005C8E4F /* TopAlbumsCollectionReusableView.swift in Sources */,
				78BACE5B26923EF500D75B97 /* UITextField+Extensions.swift in Sources */,
				78C5180326A4ED6E00D9378B /* UICollectionReusableView+Extensions.swift in Sources */,
				788A7597267BB2C200DFE2B0 /* HomeMusicCollectionViewController.swift in Sources */,
				780C69DD269DD43D0097DDC4 /* Database.swift in Sources */,
			);
			runOnlyForDeploymentPostprocessing = 0;
		};
/* End PBXSourcesBuildPhase section */

/* Begin PBXVariantGroup section */
		788A757D267B9E9800DFE2B0 /* Main.storyboard */ = {
			isa = PBXVariantGroup;
			children = (
				788A757E267B9E9800DFE2B0 /* Base */,
			);
			name = Main.storyboard;
			sourceTree = "<group>";
		};
		788A7585267B9E9900DFE2B0 /* LaunchScreen.storyboard */ = {
			isa = PBXVariantGroup;
			children = (
				788A7586267B9E9900DFE2B0 /* Base */,
			);
			name = LaunchScreen.storyboard;
			sourceTree = "<group>";
		};
/* End PBXVariantGroup section */

/* Begin XCBuildConfiguration section */
		788A7589267B9E9900DFE2B0 /* Debug */ = {
			isa = XCBuildConfiguration;
			buildSettings = {
				ALWAYS_SEARCH_USER_PATHS = NO;
				CLANG_ANALYZER_NONNULL = YES;
				CLANG_ANALYZER_NUMBER_OBJECT_CONVERSION = YES_AGGRESSIVE;
				CLANG_CXX_LANGUAGE_STANDARD = "gnu++14";
				CLANG_CXX_LIBRARY = "libc++";
				CLANG_ENABLE_MODULES = YES;
				CLANG_ENABLE_OBJC_ARC = YES;
				CLANG_ENABLE_OBJC_WEAK = YES;
				CLANG_WARN_BLOCK_CAPTURE_AUTORELEASING = YES;
				CLANG_WARN_BOOL_CONVERSION = YES;
				CLANG_WARN_COMMA = YES;
				CLANG_WARN_CONSTANT_CONVERSION = YES;
				CLANG_WARN_DEPRECATED_OBJC_IMPLEMENTATIONS = YES;
				CLANG_WARN_DIRECT_OBJC_ISA_USAGE = YES_ERROR;
				CLANG_WARN_DOCUMENTATION_COMMENTS = YES;
				CLANG_WARN_EMPTY_BODY = YES;
				CLANG_WARN_ENUM_CONVERSION = YES;
				CLANG_WARN_INFINITE_RECURSION = YES;
				CLANG_WARN_INT_CONVERSION = YES;
				CLANG_WARN_NON_LITERAL_NULL_CONVERSION = YES;
				CLANG_WARN_OBJC_IMPLICIT_RETAIN_SELF = YES;
				CLANG_WARN_OBJC_LITERAL_CONVERSION = YES;
				CLANG_WARN_OBJC_ROOT_CLASS = YES_ERROR;
				CLANG_WARN_QUOTED_INCLUDE_IN_FRAMEWORK_HEADER = YES;
				CLANG_WARN_RANGE_LOOP_ANALYSIS = YES;
				CLANG_WARN_STRICT_PROTOTYPES = YES;
				CLANG_WARN_SUSPICIOUS_MOVE = YES;
				CLANG_WARN_UNGUARDED_AVAILABILITY = YES_AGGRESSIVE;
				CLANG_WARN_UNREACHABLE_CODE = YES;
				CLANG_WARN__DUPLICATE_METHOD_MATCH = YES;
				COPY_PHASE_STRIP = NO;
				DEBUG_INFORMATION_FORMAT = dwarf;
				ENABLE_STRICT_OBJC_MSGSEND = YES;
				ENABLE_TESTABILITY = YES;
				GCC_C_LANGUAGE_STANDARD = gnu11;
				GCC_DYNAMIC_NO_PIC = NO;
				GCC_NO_COMMON_BLOCKS = YES;
				GCC_OPTIMIZATION_LEVEL = 0;
				GCC_PREPROCESSOR_DEFINITIONS = (
					"DEBUG=1",
					"$(inherited)",
				);
				GCC_WARN_64_TO_32_BIT_CONVERSION = YES;
				GCC_WARN_ABOUT_RETURN_TYPE = YES_ERROR;
				GCC_WARN_UNDECLARED_SELECTOR = YES;
				GCC_WARN_UNINITIALIZED_AUTOS = YES_AGGRESSIVE;
				GCC_WARN_UNUSED_FUNCTION = YES;
				GCC_WARN_UNUSED_VARIABLE = YES;
				IPHONEOS_DEPLOYMENT_TARGET = 14.5;
				MTL_ENABLE_DEBUG_INFO = INCLUDE_SOURCE;
				MTL_FAST_MATH = YES;
				ONLY_ACTIVE_ARCH = YES;
				SDKROOT = iphoneos;
				SWIFT_ACTIVE_COMPILATION_CONDITIONS = DEBUG;
				SWIFT_OPTIMIZATION_LEVEL = "-Onone";
			};
			name = Debug;
		};
		788A758A267B9E9900DFE2B0 /* Release */ = {
			isa = XCBuildConfiguration;
			buildSettings = {
				ALWAYS_SEARCH_USER_PATHS = NO;
				CLANG_ANALYZER_NONNULL = YES;
				CLANG_ANALYZER_NUMBER_OBJECT_CONVERSION = YES_AGGRESSIVE;
				CLANG_CXX_LANGUAGE_STANDARD = "gnu++14";
				CLANG_CXX_LIBRARY = "libc++";
				CLANG_ENABLE_MODULES = YES;
				CLANG_ENABLE_OBJC_ARC = YES;
				CLANG_ENABLE_OBJC_WEAK = YES;
				CLANG_WARN_BLOCK_CAPTURE_AUTORELEASING = YES;
				CLANG_WARN_BOOL_CONVERSION = YES;
				CLANG_WARN_COMMA = YES;
				CLANG_WARN_CONSTANT_CONVERSION = YES;
				CLANG_WARN_DEPRECATED_OBJC_IMPLEMENTATIONS = YES;
				CLANG_WARN_DIRECT_OBJC_ISA_USAGE = YES_ERROR;
				CLANG_WARN_DOCUMENTATION_COMMENTS = YES;
				CLANG_WARN_EMPTY_BODY = YES;
				CLANG_WARN_ENUM_CONVERSION = YES;
				CLANG_WARN_INFINITE_RECURSION = YES;
				CLANG_WARN_INT_CONVERSION = YES;
				CLANG_WARN_NON_LITERAL_NULL_CONVERSION = YES;
				CLANG_WARN_OBJC_IMPLICIT_RETAIN_SELF = YES;
				CLANG_WARN_OBJC_LITERAL_CONVERSION = YES;
				CLANG_WARN_OBJC_ROOT_CLASS = YES_ERROR;
				CLANG_WARN_QUOTED_INCLUDE_IN_FRAMEWORK_HEADER = YES;
				CLANG_WARN_RANGE_LOOP_ANALYSIS = YES;
				CLANG_WARN_STRICT_PROTOTYPES = YES;
				CLANG_WARN_SUSPICIOUS_MOVE = YES;
				CLANG_WARN_UNGUARDED_AVAILABILITY = YES_AGGRESSIVE;
				CLANG_WARN_UNREACHABLE_CODE = YES;
				CLANG_WARN__DUPLICATE_METHOD_MATCH = YES;
				COPY_PHASE_STRIP = NO;
				DEBUG_INFORMATION_FORMAT = "dwarf-with-dsym";
				ENABLE_NS_ASSERTIONS = NO;
				ENABLE_STRICT_OBJC_MSGSEND = YES;
				GCC_C_LANGUAGE_STANDARD = gnu11;
				GCC_NO_COMMON_BLOCKS = YES;
				GCC_WARN_64_TO_32_BIT_CONVERSION = YES;
				GCC_WARN_ABOUT_RETURN_TYPE = YES_ERROR;
				GCC_WARN_UNDECLARED_SELECTOR = YES;
				GCC_WARN_UNINITIALIZED_AUTOS = YES_AGGRESSIVE;
				GCC_WARN_UNUSED_FUNCTION = YES;
				GCC_WARN_UNUSED_VARIABLE = YES;
				IPHONEOS_DEPLOYMENT_TARGET = 14.5;
				MTL_ENABLE_DEBUG_INFO = NO;
				MTL_FAST_MATH = YES;
				SDKROOT = iphoneos;
				SWIFT_COMPILATION_MODE = wholemodule;
				SWIFT_OPTIMIZATION_LEVEL = "-O";
				VALIDATE_PRODUCT = YES;
			};
			name = Release;
		};
		788A758C267B9E9900DFE2B0 /* Debug */ = {
			isa = XCBuildConfiguration;
			baseConfigurationReference = 59EF270114FAAA2DD10857B8 /* Pods-MusicDB.debug.xcconfig */;
			buildSettings = {
				ASSETCATALOG_COMPILER_APPICON_NAME = AppIcon;
				ASSETCATALOG_COMPILER_GLOBAL_ACCENT_COLOR_NAME = AccentColor;
				CODE_SIGN_IDENTITY = "Apple Development: karen1111996@gmail.com (PDAA59T4Y3)";
				CODE_SIGN_STYLE = Automatic;
				DEVELOPMENT_TEAM = XC7MFC9869;
				INFOPLIST_FILE = MusicDB/Info.plist;
				LD_RUNPATH_SEARCH_PATHS = (
					"$(inherited)",
					"@executable_path/Frameworks",
				);
				MOMC_NO_INVERSE_RELATIONSHIP_WARNINGS = NO;
				MOMC_SUPPRESS_INVERSE_TRANSIENT_ERROR = NO;
				PRODUCT_BUNDLE_IDENTIFIER = edu.karen.nikoghosyan.MusicDB;
				PRODUCT_NAME = "$(TARGET_NAME)";
				SWIFT_VERSION = 5.0;
				TARGETED_DEVICE_FAMILY = "1,2";
			};
			name = Debug;
		};
		788A758D267B9E9900DFE2B0 /* Release */ = {
			isa = XCBuildConfiguration;
			baseConfigurationReference = 19F7095CD6768CCD409C8DFD /* Pods-MusicDB.release.xcconfig */;
			buildSettings = {
				ASSETCATALOG_COMPILER_APPICON_NAME = AppIcon;
				ASSETCATALOG_COMPILER_GLOBAL_ACCENT_COLOR_NAME = AccentColor;
				CODE_SIGN_IDENTITY = "Apple Development: karen1111996@gmail.com (PDAA59T4Y3)";
				CODE_SIGN_STYLE = Automatic;
				DEVELOPMENT_TEAM = XC7MFC9869;
				INFOPLIST_FILE = MusicDB/Info.plist;
				LD_RUNPATH_SEARCH_PATHS = (
					"$(inherited)",
					"@executable_path/Frameworks",
				);
				MOMC_NO_INVERSE_RELATIONSHIP_WARNINGS = NO;
				MOMC_SUPPRESS_INVERSE_TRANSIENT_ERROR = NO;
				PRODUCT_BUNDLE_IDENTIFIER = edu.karen.nikoghosyan.MusicDB;
				PRODUCT_NAME = "$(TARGET_NAME)";
				PROVISIONING_PROFILE_SPECIFIER = "";
				SWIFT_VERSION = 5.0;
				TARGETED_DEVICE_FAMILY = "1,2";
			};
			name = Release;
		};
/* End XCBuildConfiguration section */

/* Begin XCConfigurationList section */
		788A756F267B9E9800DFE2B0 /* Build configuration list for PBXProject "MusicDB" */ = {
			isa = XCConfigurationList;
			buildConfigurations = (
				788A7589267B9E9900DFE2B0 /* Debug */,
				788A758A267B9E9900DFE2B0 /* Release */,
			);
			defaultConfigurationIsVisible = 0;
			defaultConfigurationName = Release;
		};
		788A758B267B9E9900DFE2B0 /* Build configuration list for PBXNativeTarget "MusicDB" */ = {
			isa = XCConfigurationList;
			buildConfigurations = (
				788A758C267B9E9900DFE2B0 /* Debug */,
				788A758D267B9E9900DFE2B0 /* Release */,
			);
			defaultConfigurationIsVisible = 0;
			defaultConfigurationName = Release;
		};
/* End XCConfigurationList section */

/* Begin XCVersionGroup section */
		788A7580267B9E9800DFE2B0 /* MusicDB.xcdatamodeld */ = {
			isa = XCVersionGroup;
			children = (
				788A7581267B9E9800DFE2B0 /* MusicDB.xcdatamodel */,
			);
			currentVersion = 788A7581267B9E9800DFE2B0 /* MusicDB.xcdatamodel */;
			path = MusicDB.xcdatamodeld;
			sourceTree = "<group>";
			versionGroupType = wrapper.xcdatamodel;
		};
/* End XCVersionGroup section */
	};
	rootObject = 788A756C267B9E9800DFE2B0 /* Project object */;
}
